
Microsoft Visual Studio Solution File, Format Version 12.00
# Visual Studio 15
VisualStudioVersion = 15.0.28307.852
MinimumVisualStudioVersion = 10.0.40219.1
Project("{FAE04EC0-301F-11D3-BF4B-00C04F79EFBC}") = "TRMDataManager", "TRMDataManager\TRMDataManager.csproj", "{C0E5D287-1CD7-43F6-92D0-8B819AE1684B}"
EndProject
Global
	GlobalSection(SolutionConfigurationPlatforms) = preSolution
		Debug|Any CPU = Debug|Any CPU
		Release|Any CPU = Release|Any CPU
	EndGlobalSection
	GlobalSection(ProjectConfigurationPlatforms) = postSolution
		{C0E5D287-1CD7-43F6-92D0-8B819AE1684B}.Debug|Any CPU.ActiveCfg = Debug|Any CPU
		{C0E5D287-1CD7-43F6-92D0-8B819AE1684B}.Debug|Any CPU.Build.0 = Debug|Any CPU
		{C0E5D287-1CD7-43F6-92D0-8B819AE1684B}.Release|Any CPU.ActiveCfg = Release|Any CPU
		{C0E5D287-1CD7-43F6-92D0-8B819AE1684B}.Release|Any CPU.Build.0 = Release|Any CPU
	EndGlobalSection
	GlobalSection(SolutionProperties) = preSolution
		HideSolutionNode = FALSE
	EndGlobalSection
	GlobalSection(ExtensibilityGlobals) = postSolution
		SolutionGuid = {4E6191BD-A80C-47E3-B924-56A7A9C92572}
	EndGlobalSection
EndGlobal
